// !$*UTF8*$!
{
	archiveVersion = 1;
	classes = {
	};
	objectVersion = 46;
	objects = {

/* Begin PBXBuildFile section */
		EA9B36481A30ED7B00CC5448 /* Main.storyboard in Resources */ = {isa = PBXBuildFile; fileRef = EA9B36461A30ED7B00CC5448 /* Main.storyboard */; };
		EA9B364A1A30ED7B00CC5448 /* Images.xcassets in Resources */ = {isa = PBXBuildFile; fileRef = EA9B36491A30ED7B00CC5448 /* Images.xcassets */; };
		EA9B364D1A30ED7B00CC5448 /* LaunchScreen.xib in Resources */ = {isa = PBXBuildFile; fileRef = EA9B364B1A30ED7B00CC5448 /* LaunchScreen.xib */; };
		EA9B36681A30EDBB00CC5448 /* UpdatePodsUseCase.swift in Sources */ = {isa = PBXBuildFile; fileRef = EA9B36621A30EDBB00CC5448 /* UpdatePodsUseCase.swift */; };
		EA9B36691A30EDBB00CC5448 /* WebJSONService.swift in Sources */ = {isa = PBXBuildFile; fileRef = EA9B36631A30EDBB00CC5448 /* WebJSONService.swift */; };
		EA9B366A1A30EDBB00CC5448 /* AppDelegate.swift in Sources */ = {isa = PBXBuildFile; fileRef = EA9B36641A30EDBB00CC5448 /* AppDelegate.swift */; };
		EA9B366B1A30EDBB00CC5448 /* ViewController.swift in Sources */ = {isa = PBXBuildFile; fileRef = EA9B36651A30EDBB00CC5448 /* ViewController.swift */; };
		EA9B366C1A30EDBB00CC5448 /* Dictionary.swift in Sources */ = {isa = PBXBuildFile; fileRef = EA9B36661A30EDBB00CC5448 /* Dictionary.swift */; };
		EA9B366D1A30EDBB00CC5448 /* Result.swift in Sources */ = {isa = PBXBuildFile; fileRef = EA9B36671A30EDBB00CC5448 /* Result.swift */; };
		EA9B366F1A30EDD900CC5448 /* PodsWebJSONServiceTests.swift in Sources */ = {isa = PBXBuildFile; fileRef = EA9B366E1A30EDD900CC5448 /* PodsWebJSONServiceTests.swift */; };
		EA9B36701A30EDE700CC5448 /* UpdatePodsUseCase.swift in Sources */ = {isa = PBXBuildFile; fileRef = EA9B36621A30EDBB00CC5448 /* UpdatePodsUseCase.swift */; };
		EA9B36711A30EDE700CC5448 /* WebJSONService.swift in Sources */ = {isa = PBXBuildFile; fileRef = EA9B36631A30EDBB00CC5448 /* WebJSONService.swift */; };
		EA9B36741A30EDE700CC5448 /* Dictionary.swift in Sources */ = {isa = PBXBuildFile; fileRef = EA9B36661A30EDBB00CC5448 /* Dictionary.swift */; };
		EA9B36751A30EDE700CC5448 /* Result.swift in Sources */ = {isa = PBXBuildFile; fileRef = EA9B36671A30EDBB00CC5448 /* Result.swift */; };
		EA9B36781A30F2C000CC5448 /* Importer.swift in Sources */ = {isa = PBXBuildFile; fileRef = EA9B36771A30F2C000CC5448 /* Importer.swift */; };
		EA9B367C1A30F68700CC5448 /* PodSpecModel.xcdatamodeld in Sources */ = {isa = PBXBuildFile; fileRef = EA9B367A1A30F68700CC5448 /* PodSpecModel.xcdatamodeld */; };
		EA9B36801A30F75000CC5448 /* Extensions.swift in Sources */ = {isa = PBXBuildFile; fileRef = EA9B367F1A30F75000CC5448 /* Extensions.swift */; };
		EA9B36821A30F78000CC5448 /* PodTests.swift in Sources */ = {isa = PBXBuildFile; fileRef = EA9B36811A30F78000CC5448 /* PodTests.swift */; };
		EA9B36831A30F85600CC5448 /* Importer.swift in Sources */ = {isa = PBXBuildFile; fileRef = EA9B36771A30F2C000CC5448 /* Importer.swift */; };
		EA9B36851A30F8C400CC5448 /* Extensions.swift in Sources */ = {isa = PBXBuildFile; fileRef = EA9B367F1A30F75000CC5448 /* Extensions.swift */; };
		EA9B36881A31A41000CC5448 /* CoreDataPersistenceStack.swift in Sources */ = {isa = PBXBuildFile; fileRef = EA9B36871A31A41000CC5448 /* CoreDataPersistenceStack.swift */; };
		EA9B36891A31A41000CC5448 /* CoreDataPersistenceStack.swift in Sources */ = {isa = PBXBuildFile; fileRef = EA9B36871A31A41000CC5448 /* CoreDataPersistenceStack.swift */; };
		EAD5B83A1A35DCE300D81243 /* Pod.swift in Sources */ = {isa = PBXBuildFile; fileRef = EAD5B8391A35DCE300D81243 /* Pod.swift */; };
		EAD5B83B1A35DE2800D81243 /* Pod.swift in Sources */ = {isa = PBXBuildFile; fileRef = EAD5B8391A35DCE300D81243 /* Pod.swift */; };
/* End PBXBuildFile section */

/* Begin PBXContainerItemProxy section */
		EA9B36531A30ED7B00CC5448 /* PBXContainerItemProxy */ = {
			isa = PBXContainerItemProxy;
			containerPortal = EA9B36351A30ED7B00CC5448 /* Project object */;
			proxyType = 1;
			remoteGlobalIDString = EA9B363C1A30ED7B00CC5448;
			remoteInfo = PodSpecImporter;
		};
/* End PBXContainerItemProxy section */

/* Begin PBXFileReference section */
		EA9B363D1A30ED7B00CC5448 /* PodSpecImporter.app */ = {isa = PBXFileReference; explicitFileType = wrapper.application; includeInIndex = 0; path = PodSpecImporter.app; sourceTree = BUILT_PRODUCTS_DIR; };
		EA9B36411A30ED7B00CC5448 /* Info.plist */ = {isa = PBXFileReference; lastKnownFileType = text.plist.xml; path = Info.plist; sourceTree = "<group>"; };
		EA9B36471A30ED7B00CC5448 /* Base */ = {isa = PBXFileReference; lastKnownFileType = file.storyboard; name = Base; path = Base.lproj/Main.storyboard; sourceTree = "<group>"; };
		EA9B36491A30ED7B00CC5448 /* Images.xcassets */ = {isa = PBXFileReference; lastKnownFileType = folder.assetcatalog; path = Images.xcassets; sourceTree = "<group>"; };
		EA9B364C1A30ED7B00CC5448 /* Base */ = {isa = PBXFileReference; lastKnownFileType = file.xib; name = Base; path = Base.lproj/LaunchScreen.xib; sourceTree = "<group>"; };
		EA9B36521A30ED7B00CC5448 /* PodSpecImporterTests.xctest */ = {isa = PBXFileReference; explicitFileType = wrapper.cfbundle; includeInIndex = 0; path = PodSpecImporterTests.xctest; sourceTree = BUILT_PRODUCTS_DIR; };
		EA9B36571A30ED7B00CC5448 /* Info.plist */ = {isa = PBXFileReference; lastKnownFileType = text.plist.xml; path = Info.plist; sourceTree = "<group>"; };
		EA9B36621A30EDBB00CC5448 /* UpdatePodsUseCase.swift */ = {isa = PBXFileReference; fileEncoding = 4; lastKnownFileType = sourcecode.swift; path = UpdatePodsUseCase.swift; sourceTree = "<group>"; };
		EA9B36631A30EDBB00CC5448 /* WebJSONService.swift */ = {isa = PBXFileReference; fileEncoding = 4; lastKnownFileType = sourcecode.swift; path = WebJSONService.swift; sourceTree = "<group>"; };
		EA9B36641A30EDBB00CC5448 /* AppDelegate.swift */ = {isa = PBXFileReference; fileEncoding = 4; lastKnownFileType = sourcecode.swift; path = AppDelegate.swift; sourceTree = "<group>"; };
		EA9B36651A30EDBB00CC5448 /* ViewController.swift */ = {isa = PBXFileReference; fileEncoding = 4; lastKnownFileType = sourcecode.swift; path = ViewController.swift; sourceTree = "<group>"; };
		EA9B36661A30EDBB00CC5448 /* Dictionary.swift */ = {isa = PBXFileReference; fileEncoding = 4; lastKnownFileType = sourcecode.swift; path = Dictionary.swift; sourceTree = "<group>"; };
		EA9B36671A30EDBB00CC5448 /* Result.swift */ = {isa = PBXFileReference; fileEncoding = 4; lastKnownFileType = sourcecode.swift; path = Result.swift; sourceTree = "<group>"; };
		EA9B366E1A30EDD900CC5448 /* PodsWebJSONServiceTests.swift */ = {isa = PBXFileReference; fileEncoding = 4; lastKnownFileType = sourcecode.swift; path = PodsWebJSONServiceTests.swift; sourceTree = "<group>"; };
		EA9B36771A30F2C000CC5448 /* Importer.swift */ = {isa = PBXFileReference; fileEncoding = 4; lastKnownFileType = sourcecode.swift; path = Importer.swift; sourceTree = "<group>"; };
		EA9B36791A30F36900CC5448 /* KVCPlayground.playground */ = {isa = PBXFileReference; lastKnownFileType = file.playground; path = KVCPlayground.playground; sourceTree = "<group>"; };
		EA9B367B1A30F68700CC5448 /* PodSpecModel.xcdatamodel */ = {isa = PBXFileReference; lastKnownFileType = wrapper.xcdatamodel; path = PodSpecModel.xcdatamodel; sourceTree = "<group>"; };
		EA9B367F1A30F75000CC5448 /* Extensions.swift */ = {isa = PBXFileReference; fileEncoding = 4; lastKnownFileType = sourcecode.swift; path = Extensions.swift; sourceTree = "<group>"; };
		EA9B36811A30F78000CC5448 /* PodTests.swift */ = {isa = PBXFileReference; fileEncoding = 4; lastKnownFileType = sourcecode.swift; path = PodTests.swift; sourceTree = "<group>"; };
		EA9B36871A31A41000CC5448 /* CoreDataPersistenceStack.swift */ = {isa = PBXFileReference; fileEncoding = 4; lastKnownFileType = sourcecode.swift; path = CoreDataPersistenceStack.swift; sourceTree = "<group>"; };
		EAD5B8391A35DCE300D81243 /* Pod.swift */ = {isa = PBXFileReference; fileEncoding = 4; lastKnownFileType = sourcecode.swift; path = Pod.swift; sourceTree = "<group>"; };
/* End PBXFileReference section */

/* Begin PBXFrameworksBuildPhase section */
		EA9B363A1A30ED7B00CC5448 /* Frameworks */ = {
			isa = PBXFrameworksBuildPhase;
			buildActionMask = 2147483647;
			files = (
			);
			runOnlyForDeploymentPostprocessing = 0;
		};
		EA9B364F1A30ED7B00CC5448 /* Frameworks */ = {
			isa = PBXFrameworksBuildPhase;
			buildActionMask = 2147483647;
			files = (
			);
			runOnlyForDeploymentPostprocessing = 0;
		};
/* End PBXFrameworksBuildPhase section */

/* Begin PBXGroup section */
		EA9B36341A30ED7B00CC5448 = {
			isa = PBXGroup;
			children = (
				EA9B363F1A30ED7B00CC5448 /* PodSpecImporter */,
				EA9B36551A30ED7B00CC5448 /* PodSpecImporterTests */,
				EA9B363E1A30ED7B00CC5448 /* Products */,
			);
			sourceTree = "<group>";
		};
		EA9B363E1A30ED7B00CC5448 /* Products */ = {
			isa = PBXGroup;
			children = (
				EA9B363D1A30ED7B00CC5448 /* PodSpecImporter.app */,
				EA9B36521A30ED7B00CC5448 /* PodSpecImporterTests.xctest */,
			);
			name = Products;
			sourceTree = "<group>";
		};
		EA9B363F1A30ED7B00CC5448 /* PodSpecImporter */ = {
			isa = PBXGroup;
			children = (
				EA9B36641A30EDBB00CC5448 /* AppDelegate.swift */,
				EA9B36771A30F2C000CC5448 /* Importer.swift */,
				EA9B367F1A30F75000CC5448 /* Extensions.swift */,
				EA9B36621A30EDBB00CC5448 /* UpdatePodsUseCase.swift */,
				EA9B36651A30EDBB00CC5448 /* ViewController.swift */,
				EAD5B8391A35DCE300D81243 /* Pod.swift */,
				EA9B36491A30ED7B00CC5448 /* Images.xcassets */,
				EA9B364B1A30ED7B00CC5448 /* LaunchScreen.xib */,
				EA9B36461A30ED7B00CC5448 /* Main.storyboard */,
				EA9B367A1A30F68700CC5448 /* PodSpecModel.xcdatamodeld */,
				EA9B36401A30ED7B00CC5448 /* Supporting Files */,
				EA9B36761A30F2AD00CC5448 /* WebJSONService */,
				EA9B36871A31A41000CC5448 /* CoreDataPersistenceStack.swift */,
			);
			path = PodSpecImporter;
			sourceTree = "<group>";
		};
		EA9B36401A30ED7B00CC5448 /* Supporting Files */ = {
			isa = PBXGroup;
			children = (
				EA9B36411A30ED7B00CC5448 /* Info.plist */,
				EA9B36791A30F36900CC5448 /* KVCPlayground.playground */,
			);
			name = "Supporting Files";
			sourceTree = "<group>";
		};
		EA9B36551A30ED7B00CC5448 /* PodSpecImporterTests */ = {
			isa = PBXGroup;
			children = (
				EA9B36561A30ED7B00CC5448 /* Supporting Files */,
				EA9B366E1A30EDD900CC5448 /* PodsWebJSONServiceTests.swift */,
				EA9B36811A30F78000CC5448 /* PodTests.swift */,
			);
			path = PodSpecImporterTests;
			sourceTree = "<group>";
		};
		EA9B36561A30ED7B00CC5448 /* Supporting Files */ = {
			isa = PBXGroup;
			children = (
				EA9B36571A30ED7B00CC5448 /* Info.plist */,
			);
			name = "Supporting Files";
			sourceTree = "<group>";
		};
		EA9B36761A30F2AD00CC5448 /* WebJSONService */ = {
			isa = PBXGroup;
			children = (
				EA9B36631A30EDBB00CC5448 /* WebJSONService.swift */,
				EA9B36661A30EDBB00CC5448 /* Dictionary.swift */,
				EA9B36671A30EDBB00CC5448 /* Result.swift */,
			);
			name = WebJSONService;
			sourceTree = "<group>";
		};
/* End PBXGroup section */

/* Begin PBXNativeTarget section */
		EA9B363C1A30ED7B00CC5448 /* PodSpecImporter */ = {
			isa = PBXNativeTarget;
			buildConfigurationList = EA9B365C1A30ED7B00CC5448 /* Build configuration list for PBXNativeTarget "PodSpecImporter" */;
			buildPhases = (
				EA9B36391A30ED7B00CC5448 /* Sources */,
				EA9B363A1A30ED7B00CC5448 /* Frameworks */,
				EA9B363B1A30ED7B00CC5448 /* Resources */,
			);
			buildRules = (
			);
			dependencies = (
			);
			name = PodSpecImporter;
			productName = PodSpecImporter;
			productReference = EA9B363D1A30ED7B00CC5448 /* PodSpecImporter.app */;
			productType = "com.apple.product-type.application";
		};
		EA9B36511A30ED7B00CC5448 /* PodSpecImporterTests */ = {
			isa = PBXNativeTarget;
			buildConfigurationList = EA9B365F1A30ED7B00CC5448 /* Build configuration list for PBXNativeTarget "PodSpecImporterTests" */;
			buildPhases = (
				EA9B364E1A30ED7B00CC5448 /* Sources */,
				EA9B364F1A30ED7B00CC5448 /* Frameworks */,
				EA9B36501A30ED7B00CC5448 /* Resources */,
			);
			buildRules = (
			);
			dependencies = (
				EA9B36541A30ED7B00CC5448 /* PBXTargetDependency */,
			);
			name = PodSpecImporterTests;
			productName = PodSpecImporterTests;
			productReference = EA9B36521A30ED7B00CC5448 /* PodSpecImporterTests.xctest */;
			productType = "com.apple.product-type.bundle.unit-test";
		};
/* End PBXNativeTarget section */

/* Begin PBXProject section */
		EA9B36351A30ED7B00CC5448 /* Project object */ = {
			isa = PBXProject;
			attributes = {
				LastUpgradeCheck = 0610;
				ORGANIZATIONNAME = "Witold Skibniewski";
				TargetAttributes = {
					EA9B363C1A30ED7B00CC5448 = {
						CreatedOnToolsVersion = 6.1.1;
					};
					EA9B36511A30ED7B00CC5448 = {
						CreatedOnToolsVersion = 6.1.1;
						TestTargetID = EA9B363C1A30ED7B00CC5448;
					};
				};
			};
			buildConfigurationList = EA9B36381A30ED7B00CC5448 /* Build configuration list for PBXProject "PodSpecImporter" */;
			compatibilityVersion = "Xcode 3.2";
			developmentRegion = English;
			hasScannedForEncodings = 0;
			knownRegions = (
				en,
				Base,
			);
			mainGroup = EA9B36341A30ED7B00CC5448;
			productRefGroup = EA9B363E1A30ED7B00CC5448 /* Products */;
			projectDirPath = "";
			projectRoot = "";
			targets = (
				EA9B363C1A30ED7B00CC5448 /* PodSpecImporter */,
				EA9B36511A30ED7B00CC5448 /* PodSpecImporterTests */,
			);
		};
/* End PBXProject section */

/* Begin PBXResourcesBuildPhase section */
		EA9B363B1A30ED7B00CC5448 /* Resources */ = {
			isa = PBXResourcesBuildPhase;
			buildActionMask = 2147483647;
			files = (
				EA9B36481A30ED7B00CC5448 /* Main.storyboard in Resources */,
				EA9B364D1A30ED7B00CC5448 /* LaunchScreen.xib in Resources */,
				EA9B364A1A30ED7B00CC5448 /* Images.xcassets in Resources */,
			);
			runOnlyForDeploymentPostprocessing = 0;
		};
		EA9B36501A30ED7B00CC5448 /* Resources */ = {
			isa = PBXResourcesBuildPhase;
			buildActionMask = 2147483647;
			files = (
			);
			runOnlyForDeploymentPostprocessing = 0;
		};
/* End PBXResourcesBuildPhase section */

/* Begin PBXSourcesBuildPhase section */
		EA9B36391A30ED7B00CC5448 /* Sources */ = {
			isa = PBXSourcesBuildPhase;
			buildActionMask = 2147483647;
			files = (
				EAD5B83A1A35DCE300D81243 /* Pod.swift in Sources */,
				EA9B367C1A30F68700CC5448 /* PodSpecModel.xcdatamodeld in Sources */,
				EA9B366D1A30EDBB00CC5448 /* Result.swift in Sources */,
				EA9B366A1A30EDBB00CC5448 /* AppDelegate.swift in Sources */,
				EA9B36881A31A41000CC5448 /* CoreDataPersistenceStack.swift in Sources */,
				EA9B366C1A30EDBB00CC5448 /* Dictionary.swift in Sources */,
				EA9B36691A30EDBB00CC5448 /* WebJSONService.swift in Sources */,
				EA9B36781A30F2C000CC5448 /* Importer.swift in Sources */,
				EA9B366B1A30EDBB00CC5448 /* ViewController.swift in Sources */,
				EA9B36801A30F75000CC5448 /* Extensions.swift in Sources */,
				EA9B36681A30EDBB00CC5448 /* UpdatePodsUseCase.swift in Sources */,
			);
			runOnlyForDeploymentPostprocessing = 0;
		};
		EA9B364E1A30ED7B00CC5448 /* Sources */ = {
			isa = PBXSourcesBuildPhase;
			buildActionMask = 2147483647;
			files = (
				EA9B36701A30EDE700CC5448 /* UpdatePodsUseCase.swift in Sources */,
				EA9B36891A31A41000CC5448 /* CoreDataPersistenceStack.swift in Sources */,
				EA9B36851A30F8C400CC5448 /* Extensions.swift in Sources */,
				EA9B36711A30EDE700CC5448 /* WebJSONService.swift in Sources */,
				EA9B36751A30EDE700CC5448 /* Result.swift in Sources */,
				EAD5B83B1A35DE2800D81243 /* Pod.swift in Sources */,
				EA9B366F1A30EDD900CC5448 /* PodsWebJSONServiceTests.swift in Sources */,
				EA9B36831A30F85600CC5448 /* Importer.swift in Sources */,
				EA9B36741A30EDE700CC5448 /* Dictionary.swift in Sources */,
				EA9B36821A30F78000CC5448 /* PodTests.swift in Sources */,
			);
			runOnlyForDeploymentPostprocessing = 0;
		};
/* End PBXSourcesBuildPhase section */

/* Begin PBXTargetDependency section */
		EA9B36541A30ED7B00CC5448 /* PBXTargetDependency */ = {
			isa = PBXTargetDependency;
			target = EA9B363C1A30ED7B00CC5448 /* PodSpecImporter */;
			targetProxy = EA9B36531A30ED7B00CC5448 /* PBXContainerItemProxy */;
		};
/* End PBXTargetDependency section */

/* Begin PBXVariantGroup section */
		EA9B36461A30ED7B00CC5448 /* Main.storyboard */ = {
			isa = PBXVariantGroup;
			children = (
				EA9B36471A30ED7B00CC5448 /* Base */,
			);
			name = Main.storyboard;
			sourceTree = "<group>";
		};
		EA9B364B1A30ED7B00CC5448 /* LaunchScreen.xib */ = {
			isa = PBXVariantGroup;
			children = (
				EA9B364C1A30ED7B00CC5448 /* Base */,
			);
			name = LaunchScreen.xib;
			sourceTree = "<group>";
		};
/* End PBXVariantGroup section */

/* Begin XCBuildConfiguration section */
		EA9B365A1A30ED7B00CC5448 /* Debug */ = {
			isa = XCBuildConfiguration;
			buildSettings = {
				ALWAYS_SEARCH_USER_PATHS = NO;
				CLANG_CXX_LANGUAGE_STANDARD = "gnu++0x";
				CLANG_CXX_LIBRARY = "libc++";
				CLANG_ENABLE_MODULES = YES;
				CLANG_ENABLE_OBJC_ARC = YES;
				CLANG_WARN_BOOL_CONVERSION = YES;
				CLANG_WARN_CONSTANT_CONVERSION = YES;
				CLANG_WARN_DIRECT_OBJC_ISA_USAGE = YES_ERROR;
				CLANG_WARN_EMPTY_BODY = YES;
				CLANG_WARN_ENUM_CONVERSION = YES;
				CLANG_WARN_INT_CONVERSION = YES;
				CLANG_WARN_OBJC_ROOT_CLASS = YES_ERROR;
				CLANG_WARN_UNREACHABLE_CODE = YES;
				CLANG_WARN__DUPLICATE_METHOD_MATCH = YES;
				"CODE_SIGN_IDENTITY[sdk=iphoneos*]" = "iPhone Developer";
				COPY_PHASE_STRIP = NO;
				ENABLE_STRICT_OBJC_MSGSEND = YES;
				GCC_C_LANGUAGE_STANDARD = gnu99;
				GCC_DYNAMIC_NO_PIC = NO;
				GCC_OPTIMIZATION_LEVEL = 0;
				GCC_PREPROCESSOR_DEFINITIONS = (
					"DEBUG=1",
					"$(inherited)",
				);
				GCC_SYMBOLS_PRIVATE_EXTERN = NO;
				GCC_WARN_64_TO_32_BIT_CONVERSION = YES;
				GCC_WARN_ABOUT_RETURN_TYPE = YES_ERROR;
				GCC_WARN_UNDECLARED_SELECTOR = YES;
				GCC_WARN_UNINITIALIZED_AUTOS = YES_AGGRESSIVE;
				GCC_WARN_UNUSED_FUNCTION = YES;
				GCC_WARN_UNUSED_VARIABLE = YES;
				IPHONEOS_DEPLOYMENT_TARGET = 8.1;
				MTL_ENABLE_DEBUG_INFO = YES;
				ONLY_ACTIVE_ARCH = YES;
				SDKROOT = iphoneos;
				SWIFT_OPTIMIZATION_LEVEL = "-Onone";
				TARGETED_DEVICE_FAMILY = "1,2";
			};
			name = Debug;
		};
		EA9B365B1A30ED7B00CC5448 /* Release */ = {
			isa = XCBuildConfiguration;
			buildSettings = {
				ALWAYS_SEARCH_USER_PATHS = NO;
				CLANG_CXX_LANGUAGE_STANDARD = "gnu++0x";
				CLANG_CXX_LIBRARY = "libc++";
				CLANG_ENABLE_MODULES = YES;
				CLANG_ENABLE_OBJC_ARC = YES;
				CLANG_WARN_BOOL_CONVERSION = YES;
				CLANG_WARN_CONSTANT_CONVERSION = YES;
				CLANG_WARN_DIRECT_OBJC_ISA_USAGE = YES_ERROR;
				CLANG_WARN_EMPTY_BODY = YES;
				CLANG_WARN_ENUM_CONVERSION = YES;
				CLANG_WARN_INT_CONVERSION = YES;
				CLANG_WARN_OBJC_ROOT_CLASS = YES_ERROR;
				CLANG_WARN_UNREACHABLE_CODE = YES;
				CLANG_WARN__DUPLICATE_METHOD_MATCH = YES;
				"CODE_SIGN_IDENTITY[sdk=iphoneos*]" = "iPhone Developer";
				COPY_PHASE_STRIP = YES;
				ENABLE_NS_ASSERTIONS = NO;
				ENABLE_STRICT_OBJC_MSGSEND = YES;
				GCC_C_LANGUAGE_STANDARD = gnu99;
				GCC_WARN_64_TO_32_BIT_CONVERSION = YES;
				GCC_WARN_ABOUT_RETURN_TYPE = YES_ERROR;
				GCC_WARN_UNDECLARED_SELECTOR = YES;
				GCC_WARN_UNINITIALIZED_AUTOS = YES_AGGRESSIVE;
				GCC_WARN_UNUSED_FUNCTION = YES;
				GCC_WARN_UNUSED_VARIABLE = YES;
				IPHONEOS_DEPLOYMENT_TARGET = 8.1;
				MTL_ENABLE_DEBUG_INFO = NO;
				SDKROOT = iphoneos;
				TARGETED_DEVICE_FAMILY = "1,2";
				VALIDATE_PRODUCT = YES;
			};
			name = Release;
		};
		EA9B365D1A30ED7B00CC5448 /* Debug */ = {
			isa = XCBuildConfiguration;
			buildSettings = {
				ASSETCATALOG_COMPILER_APPICON_NAME = AppIcon;
				CLANG_ENABLE_MODULES = YES;
				INFOPLIST_FILE = PodSpecImporter/Info.plist;
				LD_RUNPATH_SEARCH_PATHS = "$(inherited) @executable_path/Frameworks";
				PRODUCT_NAME = "$(TARGET_NAME)";
				SWIFT_OPTIMIZATION_LEVEL = "-Onone";
			};
			name = Debug;
		};
		EA9B365E1A30ED7B00CC5448 /* Release */ = {
			isa = XCBuildConfiguration;
			buildSettings = {
				ASSETCATALOG_COMPILER_APPICON_NAME = AppIcon;
				CLANG_ENABLE_MODULES = YES;
				INFOPLIST_FILE = PodSpecImporter/Info.plist;
				LD_RUNPATH_SEARCH_PATHS = "$(inherited) @executable_path/Frameworks";
				PRODUCT_NAME = "$(TARGET_NAME)";
			};
			name = Release;
		};
		EA9B36601A30ED7B00CC5448 /* Debug */ = {
			isa = XCBuildConfiguration;
			buildSettings = {
				BUNDLE_LOADER = "$(TEST_HOST)";
				CLANG_ENABLE_MODULES = YES;
				FRAMEWORK_SEARCH_PATHS = (
					"$(SDKROOT)/Developer/Library/Frameworks",
					"$(inherited)",
				);
				GCC_PREPROCESSOR_DEFINITIONS = (
					"DEBUG=1",
					"$(inherited)",
				);
				INFOPLIST_FILE = PodSpecImporterTests/Info.plist;
				LD_RUNPATH_SEARCH_PATHS = "$(inherited) @executable_path/Frameworks @loader_path/Frameworks";
				PRODUCT_NAME = "$(TARGET_NAME)";
				SWIFT_OPTIMIZATION_LEVEL = "-Onone";
				TEST_HOST = "$(BUILT_PRODUCTS_DIR)/PodSpecImporter.app/PodSpecImporter";
			};
			name = Debug;
		};
		EA9B36611A30ED7B00CC5448 /* Release */ = {
			isa = XCBuildConfiguration;
			buildSettings = {
				BUNDLE_LOADER = "$(TEST_HOST)";
				CLANG_ENABLE_MODULES = YES;
				FRAMEWORK_SEARCH_PATHS = (
					"$(SDKROOT)/Developer/Library/Frameworks",
					"$(inherited)",
				);
				INFOPLIST_FILE = PodSpecImporterTests/Info.plist;
				LD_RUNPATH_SEARCH_PATHS = "$(inherited) @executable_path/Frameworks @loader_path/Frameworks";
				PRODUCT_NAME = "$(TARGET_NAME)";
				TEST_HOST = "$(BUILT_PRODUCTS_DIR)/PodSpecImporter.app/PodSpecImporter";
			};
			name = Release;
		};
/* End XCBuildConfiguration section */

/* Begin XCConfigurationList section */
		EA9B36381A30ED7B00CC5448 /* Build configuration list for PBXProject "PodSpecImporter" */ = {
			isa = XCConfigurationList;
			buildConfigurations = (
				EA9B365A1A30ED7B00CC5448 /* Debug */,
				EA9B365B1A30ED7B00CC5448 /* Release */,
			);
			defaultConfigurationIsVisible = 0;
			defaultConfigurationName = Release;
		};
		EA9B365C1A30ED7B00CC5448 /* Build configuration list for PBXNativeTarget "PodSpecImporter" */ = {
			isa = XCConfigurationList;
			buildConfigurations = (
				EA9B365D1A30ED7B00CC5448 /* Debug */,
				EA9B365E1A30ED7B00CC5448 /* Release */,
			);
			defaultConfigurationIsVisible = 0;
			defaultConfigurationName = Release;
		};
		EA9B365F1A30ED7B00CC5448 /* Build configuration list for PBXNativeTarget "PodSpecImporterTests" */ = {
			isa = XCConfigurationList;
			buildConfigurations = (
				EA9B36601A30ED7B00CC5448 /* Debug */,
				EA9B36611A30ED7B00CC5448 /* Release */,
			);
			defaultConfigurationIsVisible = 0;
			defaultConfigurationName = Release;
		};
/* End XCConfigurationList section */

/* Begin XCVersionGroup section */
		EA9B367A1A30F68700CC5448 /* PodSpecModel.xcdatamodeld */ = {
			isa = XCVersionGroup;
			children = (
				EA9B367B1A30F68700CC5448 /* PodSpecModel.xcdatamodel */,
			);
			currentVersion = EA9B367B1A30F68700CC5448 /* PodSpecModel.xcdatamodel */;
			path = PodSpecModel.xcdatamodeld;
			sourceTree = "<group>";
			versionGroupType = wrapper.xcdatamodel;
		};
/* End XCVersionGroup section */
	};
	rootObject = EA9B36351A30ED7B00CC5448 /* Project object */;
}
